
Microsoft Visual Studio Solution File, Format Version 12.00
# Visual Studio Version 17
VisualStudioVersion = 17.5.33414.496
MinimumVisualStudioVersion = 10.0.40219.1
Project("{888888A0-9F3D-457C-B088-3A5042F75D52}") = "DM_Log", "DM_Log\DM_Log.pyproj", "{77F1D968-9D9A-43E9-943C-25A57F76D775}"
EndProject
Global
	GlobalSection(SolutionConfigurationPlatforms) = preSolution
		Debug|Any CPU = Debug|Any CPU
		Release|Any CPU = Release|Any CPU
	EndGlobalSection
	GlobalSection(ProjectConfigurationPlatforms) = postSolution
		{77F1D968-9D9A-43E9-943C-25A57F76D775}.Debug|Any CPU.ActiveCfg = Debug|Any CPU
		{77F1D968-9D9A-43E9-943C-25A57F76D775}.Release|Any CPU.ActiveCfg = Release|Any CPU
	EndGlobalSection
	GlobalSection(SolutionProperties) = preSolution
		HideSolutionNode = FALSE
	EndGlobalSection
	GlobalSection(ExtensibilityGlobals) = postSolution
		SolutionGuid = {6C4D7C53-A55B-44C0-80FB-9F1CC0614AEF}
	EndGlobalSection
EndGlobal
